{
  "name": "svg-terain",
  "version": "1.0.0",
  "lockfileVersion": 1,
  "requires": true,
  "dependencies": {
    "paper": {
      "version": "0.11.8",
      "resolved": "https://registry.npmjs.org/paper/-/paper-0.11.8.tgz",
      "integrity": "sha512-3O5o8SntwieIlBmHjWS4hAYESiZ0yb++Outz9Rr5AN/ZFK7jfVGLANjqyIvEKIpGMImf2fQCkW64n8dkYheP5g=="
    }
  }
}
